
Microsoft Visual Studio Solution File, Format Version 12.00
# Visual Studio Version 16
VisualStudioVersion = 16.0.30907.101
MinimumVisualStudioVersion = 10.0.40219.1
Project("{9A19103F-16F7-4668-BE54-9A1E7A4F7556}") = "Prevoz.WebAPI", "Prevoz.WebAPI\Prevoz.WebAPI.csproj", "{F2A13DAF-D5C1-4036-8B49-42B8B31319DD}"
EndProject
Project("{9A19103F-16F7-4668-BE54-9A1E7A4F7556}") = "Prevoz.Model", "Prevoz\Prevoz.Model.csproj", "{4289934C-CF42-4BE1-A557-E8A4174EB1B9}"
EndProject
Project("{2150E333-8FDC-42A3-9474-1A3956D46DE8}") = "UI", "UI", "{93409C2E-AC58-4B97-A285-347BF4576EB7}"
EndProject
Project("{FAE04EC0-301F-11D3-BF4B-00C04F79EFBC}") = "Prevoz.WinUI", "Prevoz.WinUI\Prevoz.WinUI.csproj", "{E118A902-B35D-4512-9DE2-087A38044E1E}"
EndProject
Project("{2150E333-8FDC-42A3-9474-1A3956D46DE8}") = "Prevoz.Mobile", "Prevoz.Mobile", "{86075CD4-386B-48A7-B484-1EA63CCB328C}"
EndProject
Project("{FAE04EC0-301F-11D3-BF4B-00C04F79EFBC}") = "Prevoz.MobileApp.UWP", "Prevoz.MobileApp\Prevoz.MobileApp.UWP\Prevoz.MobileApp.UWP.csproj", "{8C177645-C637-42FA-8EF8-4B066C3E67CD}"
EndProject
Project("{FAE04EC0-301F-11D3-BF4B-00C04F79EFBC}") = "Prevoz.MobileApp.Android", "Prevoz.MobileApp\Prevoz.MobileApp.Android\Prevoz.MobileApp.Android.csproj", "{B691EA9A-4122-45FA-BEC2-6910B5F0522E}"
EndProject
Project("{FAE04EC0-301F-11D3-BF4B-00C04F79EFBC}") = "Prevoz.MobileApp.iOS", "Prevoz.MobileApp\Prevoz.MobileApp.iOS\Prevoz.MobileApp.iOS.csproj", "{32F6B864-C1AB-4BE9-86FC-586D38AC7188}"
EndProject
Project("{9A19103F-16F7-4668-BE54-9A1E7A4F7556}") = "Prevoz.MobileApp", "Prevoz.MobileApp\Prevoz.MobileApp\Prevoz.MobileApp.csproj", "{5FA7C7CA-F6D9-4CBD-B686-F45C5E87D1DD}"
EndProject
Global
	GlobalSection(SolutionConfigurationPlatforms) = preSolution
		Debug|Any CPU = Debug|Any CPU
		Debug|ARM = Debug|ARM
		Debug|ARM64 = Debug|ARM64
		Debug|iPhone = Debug|iPhone
		Debug|iPhoneSimulator = Debug|iPhoneSimulator
		Debug|x64 = Debug|x64
		Debug|x86 = Debug|x86
		Release|Any CPU = Release|Any CPU
		Release|ARM = Release|ARM
		Release|ARM64 = Release|ARM64
		Release|iPhone = Release|iPhone
		Release|iPhoneSimulator = Release|iPhoneSimulator
		Release|x64 = Release|x64
		Release|x86 = Release|x86
	EndGlobalSection
	GlobalSection(ProjectConfigurationPlatforms) = postSolution
		{F2A13DAF-D5C1-4036-8B49-42B8B31319DD}.Debug|Any CPU.ActiveCfg = Debug|Any CPU
		{F2A13DAF-D5C1-4036-8B49-42B8B31319DD}.Debug|Any CPU.Build.0 = Debug|Any CPU
		{F2A13DAF-D5C1-4036-8B49-42B8B31319DD}.Debug|ARM.ActiveCfg = Debug|Any CPU
		{F2A13DAF-D5C1-4036-8B49-42B8B31319DD}.Debug|ARM.Build.0 = Debug|Any CPU
		{F2A13DAF-D5C1-4036-8B49-42B8B31319DD}.Debug|ARM64.ActiveCfg = Debug|Any CPU
		{F2A13DAF-D5C1-4036-8B49-42B8B31319DD}.Debug|ARM64.Build.0 = Debug|Any CPU
		{F2A13DAF-D5C1-4036-8B49-42B8B31319DD}.Debug|iPhone.ActiveCfg = Debug|Any CPU
		{F2A13DAF-D5C1-4036-8B49-42B8B31319DD}.Debug|iPhone.Build.0 = Debug|Any CPU
		{F2A13DAF-D5C1-4036-8B49-42B8B31319DD}.Debug|iPhoneSimulator.ActiveCfg = Debug|Any CPU
		{F2A13DAF-D5C1-4036-8B49-42B8B31319DD}.Debug|iPhoneSimulator.Build.0 = Debug|Any CPU
		{F2A13DAF-D5C1-4036-8B49-42B8B31319DD}.Debug|x64.ActiveCfg = Debug|Any CPU
		{F2A13DAF-D5C1-4036-8B49-42B8B31319DD}.Debug|x64.Build.0 = Debug|Any CPU
		{F2A13DAF-D5C1-4036-8B49-42B8B31319DD}.Debug|x86.ActiveCfg = Debug|Any CPU
		{F2A13DAF-D5C1-4036-8B49-42B8B31319DD}.Debug|x86.Build.0 = Debug|Any CPU
		{F2A13DAF-D5C1-4036-8B49-42B8B31319DD}.Release|Any CPU.ActiveCfg = Release|Any CPU
		{F2A13DAF-D5C1-4036-8B49-42B8B31319DD}.Release|Any CPU.Build.0 = Release|Any CPU
		{F2A13DAF-D5C1-4036-8B49-42B8B31319DD}.Release|ARM.ActiveCfg = Release|Any CPU
		{F2A13DAF-D5C1-4036-8B49-42B8B31319DD}.Release|ARM.Build.0 = Release|Any CPU
		{F2A13DAF-D5C1-4036-8B49-42B8B31319DD}.Release|ARM64.ActiveCfg = Release|Any CPU
		{F2A13DAF-D5C1-4036-8B49-42B8B31319DD}.Release|ARM64.Build.0 = Release|Any CPU
		{F2A13DAF-D5C1-4036-8B49-42B8B31319DD}.Release|iPhone.ActiveCfg = Release|Any CPU
		{F2A13DAF-D5C1-4036-8B49-42B8B31319DD}.Release|iPhone.Build.0 = Release|Any CPU
		{F2A13DAF-D5C1-4036-8B49-42B8B31319DD}.Release|iPhoneSimulator.ActiveCfg = Release|Any CPU
		{F2A13DAF-D5C1-4036-8B49-42B8B31319DD}.Release|iPhoneSimulator.Build.0 = Release|Any CPU
		{F2A13DAF-D5C1-4036-8B49-42B8B31319DD}.Release|x64.ActiveCfg = Release|Any CPU
		{F2A13DAF-D5C1-4036-8B49-42B8B31319DD}.Release|x64.Build.0 = Release|Any CPU
		{F2A13DAF-D5C1-4036-8B49-42B8B31319DD}.Release|x86.ActiveCfg = Release|Any CPU
		{F2A13DAF-D5C1-4036-8B49-42B8B31319DD}.Release|x86.Build.0 = Release|Any CPU
		{4289934C-CF42-4BE1-A557-E8A4174EB1B9}.Debug|Any CPU.ActiveCfg = Debug|Any CPU
		{4289934C-CF42-4BE1-A557-E8A4174EB1B9}.Debug|Any CPU.Build.0 = Debug|Any CPU
		{4289934C-CF42-4BE1-A557-E8A4174EB1B9}.Debug|ARM.ActiveCfg = Debug|Any CPU
		{4289934C-CF42-4BE1-A557-E8A4174EB1B9}.Debug|ARM.Build.0 = Debug|Any CPU
		{4289934C-CF42-4BE1-A557-E8A4174EB1B9}.Debug|ARM64.ActiveCfg = Debug|Any CPU
		{4289934C-CF42-4BE1-A557-E8A4174EB1B9}.Debug|ARM64.Build.0 = Debug|Any CPU
		{4289934C-CF42-4BE1-A557-E8A4174EB1B9}.Debug|iPhone.ActiveCfg = Debug|Any CPU
		{4289934C-CF42-4BE1-A557-E8A4174EB1B9}.Debug|iPhone.Build.0 = Debug|Any CPU
		{4289934C-CF42-4BE1-A557-E8A4174EB1B9}.Debug|iPhoneSimulator.ActiveCfg = Debug|Any CPU
		{4289934C-CF42-4BE1-A557-E8A4174EB1B9}.Debug|iPhoneSimulator.Build.0 = Debug|Any CPU
		{4289934C-CF42-4BE1-A557-E8A4174EB1B9}.Debug|x64.ActiveCfg = Debug|Any CPU
		{4289934C-CF42-4BE1-A557-E8A4174EB1B9}.Debug|x64.Build.0 = Debug|Any CPU
		{4289934C-CF42-4BE1-A557-E8A4174EB1B9}.Debug|x86.ActiveCfg = Debug|Any CPU
		{4289934C-CF42-4BE1-A557-E8A4174EB1B9}.Debug|x86.Build.0 = Debug|Any CPU
		{4289934C-CF42-4BE1-A557-E8A4174EB1B9}.Release|Any CPU.ActiveCfg = Release|Any CPU
		{4289934C-CF42-4BE1-A557-E8A4174EB1B9}.Release|Any CPU.Build.0 = Release|Any CPU
		{4289934C-CF42-4BE1-A557-E8A4174EB1B9}.Release|ARM.ActiveCfg = Release|Any CPU
		{4289934C-CF42-4BE1-A557-E8A4174EB1B9}.Release|ARM.Build.0 = Release|Any CPU
		{4289934C-CF42-4BE1-A557-E8A4174EB1B9}.Release|ARM64.ActiveCfg = Release|Any CPU
		{4289934C-CF42-4BE1-A557-E8A4174EB1B9}.Release|ARM64.Build.0 = Release|Any CPU
		{4289934C-CF42-4BE1-A557-E8A4174EB1B9}.Release|iPhone.ActiveCfg = Release|Any CPU
		{4289934C-CF42-4BE1-A557-E8A4174EB1B9}.Release|iPhone.Build.0 = Release|Any CPU
		{4289934C-CF42-4BE1-A557-E8A4174EB1B9}.Release|iPhoneSimulator.ActiveCfg = Release|Any CPU
		{4289934C-CF42-4BE1-A557-E8A4174EB1B9}.Release|iPhoneSimulator.Build.0 = Release|Any CPU
		{4289934C-CF42-4BE1-A557-E8A4174EB1B9}.Release|x64.ActiveCfg = Release|Any CPU
		{4289934C-CF42-4BE1-A557-E8A4174EB1B9}.Release|x64.Build.0 = Release|Any CPU
		{4289934C-CF42-4BE1-A557-E8A4174EB1B9}.Release|x86.ActiveCfg = Release|Any CPU
		{4289934C-CF42-4BE1-A557-E8A4174EB1B9}.Release|x86.Build.0 = Release|Any CPU
		{E118A902-B35D-4512-9DE2-087A38044E1E}.Debug|Any CPU.ActiveCfg = Debug|Any CPU
		{E118A902-B35D-4512-9DE2-087A38044E1E}.Debug|Any CPU.Build.0 = Debug|Any CPU
		{E118A902-B35D-4512-9DE2-087A38044E1E}.Debug|ARM.ActiveCfg = Debug|Any CPU
		{E118A902-B35D-4512-9DE2-087A38044E1E}.Debug|ARM.Build.0 = Debug|Any CPU
		{E118A902-B35D-4512-9DE2-087A38044E1E}.Debug|ARM64.ActiveCfg = Debug|Any CPU
		{E118A902-B35D-4512-9DE2-087A38044E1E}.Debug|ARM64.Build.0 = Debug|Any CPU
		{E118A902-B35D-4512-9DE2-087A38044E1E}.Debug|iPhone.ActiveCfg = Debug|Any CPU
		{E118A902-B35D-4512-9DE2-087A38044E1E}.Debug|iPhone.Build.0 = Debug|Any CPU
		{E118A902-B35D-4512-9DE2-087A38044E1E}.Debug|iPhoneSimulator.ActiveCfg = Debug|Any CPU
		{E118A902-B35D-4512-9DE2-087A38044E1E}.Debug|iPhoneSimulator.Build.0 = Debug|Any CPU
		{E118A902-B35D-4512-9DE2-087A38044E1E}.Debug|x64.ActiveCfg = Debug|Any CPU
		{E118A902-B35D-4512-9DE2-087A38044E1E}.Debug|x64.Build.0 = Debug|Any CPU
		{E118A902-B35D-4512-9DE2-087A38044E1E}.Debug|x86.ActiveCfg = Debug|Any CPU
		{E118A902-B35D-4512-9DE2-087A38044E1E}.Debug|x86.Build.0 = Debug|Any CPU
		{E118A902-B35D-4512-9DE2-087A38044E1E}.Release|Any CPU.ActiveCfg = Release|Any CPU
		{E118A902-B35D-4512-9DE2-087A38044E1E}.Release|Any CPU.Build.0 = Release|Any CPU
		{E118A902-B35D-4512-9DE2-087A38044E1E}.Release|ARM.ActiveCfg = Release|Any CPU
		{E118A902-B35D-4512-9DE2-087A38044E1E}.Release|ARM.Build.0 = Release|Any CPU
		{E118A902-B35D-4512-9DE2-087A38044E1E}.Release|ARM64.ActiveCfg = Release|Any CPU
		{E118A902-B35D-4512-9DE2-087A38044E1E}.Release|ARM64.Build.0 = Release|Any CPU
		{E118A902-B35D-4512-9DE2-087A38044E1E}.Release|iPhone.ActiveCfg = Release|Any CPU
		{E118A902-B35D-4512-9DE2-087A38044E1E}.Release|iPhone.Build.0 = Release|Any CPU
		{E118A902-B35D-4512-9DE2-087A38044E1E}.Release|iPhoneSimulator.ActiveCfg = Release|Any CPU
		{E118A902-B35D-4512-9DE2-087A38044E1E}.Release|iPhoneSimulator.Build.0 = Release|Any CPU
		{E118A902-B35D-4512-9DE2-087A38044E1E}.Release|x64.ActiveCfg = Release|Any CPU
		{E118A902-B35D-4512-9DE2-087A38044E1E}.Release|x64.Build.0 = Release|Any CPU
		{E118A902-B35D-4512-9DE2-087A38044E1E}.Release|x86.ActiveCfg = Release|Any CPU
		{E118A902-B35D-4512-9DE2-087A38044E1E}.Release|x86.Build.0 = Release|Any CPU
		{8C177645-C637-42FA-8EF8-4B066C3E67CD}.Debug|Any CPU.ActiveCfg = Debug|x86
		{8C177645-C637-42FA-8EF8-4B066C3E67CD}.Debug|Any CPU.Build.0 = Debug|x86
		{8C177645-C637-42FA-8EF8-4B066C3E67CD}.Debug|Any CPU.Deploy.0 = Debug|x86
		{8C177645-C637-42FA-8EF8-4B066C3E67CD}.Debug|ARM.ActiveCfg = Debug|ARM
		{8C177645-C637-42FA-8EF8-4B066C3E67CD}.Debug|ARM.Build.0 = Debug|ARM
		{8C177645-C637-42FA-8EF8-4B066C3E67CD}.Debug|ARM.Deploy.0 = Debug|ARM
		{8C177645-C637-42FA-8EF8-4B066C3E67CD}.Debug|ARM64.ActiveCfg = Debug|x86
		{8C177645-C637-42FA-8EF8-4B066C3E67CD}.Debug|iPhone.ActiveCfg = Debug|x86
		{8C177645-C637-42FA-8EF8-4B066C3E67CD}.Debug|iPhoneSimulator.ActiveCfg = Debug|x86
		{8C177645-C637-42FA-8EF8-4B066C3E67CD}.Debug|x64.ActiveCfg = Debug|x64
		{8C177645-C637-42FA-8EF8-4B066C3E67CD}.Debug|x64.Build.0 = Debug|x64
		{8C177645-C637-42FA-8EF8-4B066C3E67CD}.Debug|x64.Deploy.0 = Debug|x64
		{8C177645-C637-42FA-8EF8-4B066C3E67CD}.Debug|x86.ActiveCfg = Debug|x86
		{8C177645-C637-42FA-8EF8-4B066C3E67CD}.Debug|x86.Build.0 = Debug|x86
		{8C177645-C637-42FA-8EF8-4B066C3E67CD}.Debug|x86.Deploy.0 = Debug|x86
		{8C177645-C637-42FA-8EF8-4B066C3E67CD}.Release|Any CPU.ActiveCfg = Release|x86
		{8C177645-C637-42FA-8EF8-4B066C3E67CD}.Release|ARM.ActiveCfg = Release|ARM
		{8C177645-C637-42FA-8EF8-4B066C3E67CD}.Release|ARM.Build.0 = Release|ARM
		{8C177645-C637-42FA-8EF8-4B066C3E67CD}.Release|ARM.Deploy.0 = Release|ARM
		{8C177645-C637-42FA-8EF8-4B066C3E67CD}.Release|ARM64.ActiveCfg = Release|x86
		{8C177645-C637-42FA-8EF8-4B066C3E67CD}.Release|iPhone.ActiveCfg = Release|x86
		{8C177645-C637-42FA-8EF8-4B066C3E67CD}.Release|iPhoneSimulator.ActiveCfg = Release|x86
		{8C177645-C637-42FA-8EF8-4B066C3E67CD}.Release|x64.ActiveCfg = Release|x64
		{8C177645-C637-42FA-8EF8-4B066C3E67CD}.Release|x64.Build.0 = Release|x64
		{8C177645-C637-42FA-8EF8-4B066C3E67CD}.Release|x64.Deploy.0 = Release|x64
		{8C177645-C637-42FA-8EF8-4B066C3E67CD}.Release|x86.ActiveCfg = Release|x86
		{8C177645-C637-42FA-8EF8-4B066C3E67CD}.Release|x86.Build.0 = Release|x86
		{8C177645-C637-42FA-8EF8-4B066C3E67CD}.Release|x86.Deploy.0 = Release|x86
		{B691EA9A-4122-45FA-BEC2-6910B5F0522E}.Debug|Any CPU.ActiveCfg = Debug|Any CPU
		{B691EA9A-4122-45FA-BEC2-6910B5F0522E}.Debug|Any CPU.Build.0 = Debug|Any CPU
		{B691EA9A-4122-45FA-BEC2-6910B5F0522E}.Debug|Any CPU.Deploy.0 = Debug|Any CPU
		{B691EA9A-4122-45FA-BEC2-6910B5F0522E}.Debug|ARM.ActiveCfg = Debug|Any CPU
		{B691EA9A-4122-45FA-BEC2-6910B5F0522E}.Debug|ARM.Build.0 = Debug|Any CPU
		{B691EA9A-4122-45FA-BEC2-6910B5F0522E}.Debug|ARM.Deploy.0 = Debug|Any CPU
		{B691EA9A-4122-45FA-BEC2-6910B5F0522E}.Debug|ARM64.ActiveCfg = Debug|Any CPU
		{B691EA9A-4122-45FA-BEC2-6910B5F0522E}.Debug|ARM64.Build.0 = Debug|Any CPU
		{B691EA9A-4122-45FA-BEC2-6910B5F0522E}.Debug|ARM64.Deploy.0 = Debug|Any CPU
		{B691EA9A-4122-45FA-BEC2-6910B5F0522E}.Debug|iPhone.ActiveCfg = Debug|Any CPU
		{B691EA9A-4122-45FA-BEC2-6910B5F0522E}.Debug|iPhone.Build.0 = Debug|Any CPU
		{B691EA9A-4122-45FA-BEC2-6910B5F0522E}.Debug|iPhone.Deploy.0 = Debug|Any CPU
		{B691EA9A-4122-45FA-BEC2-6910B5F0522E}.Debug|iPhoneSimulator.ActiveCfg = Debug|Any CPU
		{B691EA9A-4122-45FA-BEC2-6910B5F0522E}.Debug|iPhoneSimulator.Build.0 = Debug|Any CPU
		{B691EA9A-4122-45FA-BEC2-6910B5F0522E}.Debug|iPhoneSimulator.Deploy.0 = Debug|Any CPU
		{B691EA9A-4122-45FA-BEC2-6910B5F0522E}.Debug|x64.ActiveCfg = Debug|Any CPU
		{B691EA9A-4122-45FA-BEC2-6910B5F0522E}.Debug|x64.Build.0 = Debug|Any CPU
		{B691EA9A-4122-45FA-BEC2-6910B5F0522E}.Debug|x64.Deploy.0 = Debug|Any CPU
		{B691EA9A-4122-45FA-BEC2-6910B5F0522E}.Debug|x86.ActiveCfg = Debug|Any CPU
		{B691EA9A-4122-45FA-BEC2-6910B5F0522E}.Debug|x86.Build.0 = Debug|Any CPU
		{B691EA9A-4122-45FA-BEC2-6910B5F0522E}.Debug|x86.Deploy.0 = Debug|Any CPU
		{B691EA9A-4122-45FA-BEC2-6910B5F0522E}.Release|Any CPU.ActiveCfg = Release|Any CPU
		{B691EA9A-4122-45FA-BEC2-6910B5F0522E}.Release|Any CPU.Build.0 = Release|Any CPU
		{B691EA9A-4122-45FA-BEC2-6910B5F0522E}.Release|Any CPU.Deploy.0 = Release|Any CPU
		{B691EA9A-4122-45FA-BEC2-6910B5F0522E}.Release|ARM.ActiveCfg = Release|Any CPU
		{B691EA9A-4122-45FA-BEC2-6910B5F0522E}.Release|ARM.Build.0 = Release|Any CPU
		{B691EA9A-4122-45FA-BEC2-6910B5F0522E}.Release|ARM.Deploy.0 = Release|Any CPU
		{B691EA9A-4122-45FA-BEC2-6910B5F0522E}.Release|ARM64.ActiveCfg = Release|Any CPU
		{B691EA9A-4122-45FA-BEC2-6910B5F0522E}.Release|ARM64.Build.0 = Release|Any CPU
		{B691EA9A-4122-45FA-BEC2-6910B5F0522E}.Release|ARM64.Deploy.0 = Release|Any CPU
		{B691EA9A-4122-45FA-BEC2-6910B5F0522E}.Release|iPhone.ActiveCfg = Release|Any CPU
		{B691EA9A-4122-45FA-BEC2-6910B5F0522E}.Release|iPhone.Build.0 = Release|Any CPU
		{B691EA9A-4122-45FA-BEC2-6910B5F0522E}.Release|iPhone.Deploy.0 = Release|Any CPU
		{B691EA9A-4122-45FA-BEC2-6910B5F0522E}.Release|iPhoneSimulator.ActiveCfg = Release|Any CPU
		{B691EA9A-4122-45FA-BEC2-6910B5F0522E}.Release|iPhoneSimulator.Build.0 = Release|Any CPU
		{B691EA9A-4122-45FA-BEC2-6910B5F0522E}.Release|iPhoneSimulator.Deploy.0 = Release|Any CPU
		{B691EA9A-4122-45FA-BEC2-6910B5F0522E}.Release|x64.ActiveCfg = Release|Any CPU
		{B691EA9A-4122-45FA-BEC2-6910B5F0522E}.Release|x64.Build.0 = Release|Any CPU
		{B691EA9A-4122-45FA-BEC2-6910B5F0522E}.Release|x64.Deploy.0 = Release|Any CPU
		{B691EA9A-4122-45FA-BEC2-6910B5F0522E}.Release|x86.ActiveCfg = Release|Any CPU
		{B691EA9A-4122-45FA-BEC2-6910B5F0522E}.Release|x86.Build.0 = Release|Any CPU
		{B691EA9A-4122-45FA-BEC2-6910B5F0522E}.Release|x86.Deploy.0 = Release|Any CPU
		{32F6B864-C1AB-4BE9-86FC-586D38AC7188}.Debug|Any CPU.ActiveCfg = Debug|iPhoneSimulator
		{32F6B864-C1AB-4BE9-86FC-586D38AC7188}.Debug|ARM.ActiveCfg = Debug|iPhoneSimulator
		{32F6B864-C1AB-4BE9-86FC-586D38AC7188}.Debug|ARM64.ActiveCfg = Debug|iPhoneSimulator
		{32F6B864-C1AB-4BE9-86FC-586D38AC7188}.Debug|iPhone.ActiveCfg = Debug|iPhone
		{32F6B864-C1AB-4BE9-86FC-586D38AC7188}.Debug|iPhone.Build.0 = Debug|iPhone
		{32F6B864-C1AB-4BE9-86FC-586D38AC7188}.Debug|iPhoneSimulator.ActiveCfg = Debug|iPhoneSimulator
		{32F6B864-C1AB-4BE9-86FC-586D38AC7188}.Debug|iPhoneSimulator.Build.0 = Debug|iPhoneSimulator
		{32F6B864-C1AB-4BE9-86FC-586D38AC7188}.Debug|x64.ActiveCfg = Debug|iPhoneSimulator
		{32F6B864-C1AB-4BE9-86FC-586D38AC7188}.Debug|x86.ActiveCfg = Debug|iPhoneSimulator
		{32F6B864-C1AB-4BE9-86FC-586D38AC7188}.Release|Any CPU.ActiveCfg = Release|iPhoneSimulator
		{32F6B864-C1AB-4BE9-86FC-586D38AC7188}.Release|ARM.ActiveCfg = Release|iPhoneSimulator
		{32F6B864-C1AB-4BE9-86FC-586D38AC7188}.Release|ARM64.ActiveCfg = Release|iPhoneSimulator
		{32F6B864-C1AB-4BE9-86FC-586D38AC7188}.Release|iPhone.ActiveCfg = Release|iPhone
		{32F6B864-C1AB-4BE9-86FC-586D38AC7188}.Release|iPhone.Build.0 = Release|iPhone
		{32F6B864-C1AB-4BE9-86FC-586D38AC7188}.Release|iPhoneSimulator.ActiveCfg = Release|iPhoneSimulator
		{32F6B864-C1AB-4BE9-86FC-586D38AC7188}.Release|iPhoneSimulator.Build.0 = Release|iPhoneSimulator
		{32F6B864-C1AB-4BE9-86FC-586D38AC7188}.Release|x64.ActiveCfg = Release|iPhoneSimulator
		{32F6B864-C1AB-4BE9-86FC-586D38AC7188}.Release|x86.ActiveCfg = Release|iPhoneSimulator
		{5FA7C7CA-F6D9-4CBD-B686-F45C5E87D1DD}.Debug|Any CPU.ActiveCfg = Debug|Any CPU
		{5FA7C7CA-F6D9-4CBD-B686-F45C5E87D1DD}.Debug|Any CPU.Build.0 = Debug|Any CPU
		{5FA7C7CA-F6D9-4CBD-B686-F45C5E87D1DD}.Debug|ARM.ActiveCfg = Debug|Any CPU
		{5FA7C7CA-F6D9-4CBD-B686-F45C5E87D1DD}.Debug|ARM.Build.0 = Debug|Any CPU
		{5FA7C7CA-F6D9-4CBD-B686-F45C5E87D1DD}.Debug|ARM64.ActiveCfg = Debug|Any CPU
		{5FA7C7CA-F6D9-4CBD-B686-F45C5E87D1DD}.Debug|ARM64.Build.0 = Debug|Any CPU
		{5FA7C7CA-F6D9-4CBD-B686-F45C5E87D1DD}.Debug|iPhone.ActiveCfg = Debug|Any CPU
		{5FA7C7CA-F6D9-4CBD-B686-F45C5E87D1DD}.Debug|iPhone.Build.0 = Debug|Any CPU
		{5FA7C7CA-F6D9-4CBD-B686-F45C5E87D1DD}.Debug|iPhoneSimulator.ActiveCfg = Debug|Any CPU
		{5FA7C7CA-F6D9-4CBD-B686-F45C5E87D1DD}.Debug|iPhoneSimulator.Build.0 = Debug|Any CPU
		{5FA7C7CA-F6D9-4CBD-B686-F45C5E87D1DD}.Debug|x64.ActiveCfg = Debug|Any CPU
		{5FA7C7CA-F6D9-4CBD-B686-F45C5E87D1DD}.Debug|x64.Build.0 = Debug|Any CPU
		{5FA7C7CA-F6D9-4CBD-B686-F45C5E87D1DD}.Debug|x86.ActiveCfg = Debug|Any CPU
		{5FA7C7CA-F6D9-4CBD-B686-F45C5E87D1DD}.Debug|x86.Build.0 = Debug|Any CPU
		{5FA7C7CA-F6D9-4CBD-B686-F45C5E87D1DD}.Release|Any CPU.ActiveCfg = Release|Any CPU
		{5FA7C7CA-F6D9-4CBD-B686-F45C5E87D1DD}.Release|Any CPU.Build.0 = Release|Any CPU
		{5FA7C7CA-F6D9-4CBD-B686-F45C5E87D1DD}.Release|ARM.ActiveCfg = Release|Any CPU
		{5FA7C7CA-F6D9-4CBD-B686-F45C5E87D1DD}.Release|ARM.Build.0 = Release|Any CPU
		{5FA7C7CA-F6D9-4CBD-B686-F45C5E87D1DD}.Release|ARM64.ActiveCfg = Release|Any CPU
		{5FA7C7CA-F6D9-4CBD-B686-F45C5E87D1DD}.Release|ARM64.Build.0 = Release|Any CPU
		{5FA7C7CA-F6D9-4CBD-B686-F45C5E87D1DD}.Release|iPhone.ActiveCfg = Release|Any CPU
		{5FA7C7CA-F6D9-4CBD-B686-F45C5E87D1DD}.Release|iPhone.Build.0 = Release|Any CPU
		{5FA7C7CA-F6D9-4CBD-B686-F45C5E87D1DD}.Release|iPhoneSimulator.ActiveCfg = Release|Any CPU
		{5FA7C7CA-F6D9-4CBD-B686-F45C5E87D1DD}.Release|iPhoneSimulator.Build.0 = Release|Any CPU
		{5FA7C7CA-F6D9-4CBD-B686-F45C5E87D1DD}.Release|x64.ActiveCfg = Release|Any CPU
		{5FA7C7CA-F6D9-4CBD-B686-F45C5E87D1DD}.Release|x64.Build.0 = Release|Any CPU
		{5FA7C7CA-F6D9-4CBD-B686-F45C5E87D1DD}.Release|x86.ActiveCfg = Release|Any CPU
		{5FA7C7CA-F6D9-4CBD-B686-F45C5E87D1DD}.Release|x86.Build.0 = Release|Any CPU
	EndGlobalSection
	GlobalSection(SolutionProperties) = preSolution
		HideSolutionNode = FALSE
	EndGlobalSection
	GlobalSection(NestedProjects) = preSolution
		{E118A902-B35D-4512-9DE2-087A38044E1E} = {93409C2E-AC58-4B97-A285-347BF4576EB7}
		{86075CD4-386B-48A7-B484-1EA63CCB328C} = {93409C2E-AC58-4B97-A285-347BF4576EB7}
		{8C177645-C637-42FA-8EF8-4B066C3E67CD} = {86075CD4-386B-48A7-B484-1EA63CCB328C}
		{B691EA9A-4122-45FA-BEC2-6910B5F0522E} = {86075CD4-386B-48A7-B484-1EA63CCB328C}
		{32F6B864-C1AB-4BE9-86FC-586D38AC7188} = {86075CD4-386B-48A7-B484-1EA63CCB328C}
		{5FA7C7CA-F6D9-4CBD-B686-F45C5E87D1DD} = {86075CD4-386B-48A7-B484-1EA63CCB328C}
	EndGlobalSection
	GlobalSection(ExtensibilityGlobals) = postSolution
		SolutionGuid = {514F695D-A59B-439F-AA30-3E2C03FE792B}
	EndGlobalSection
EndGlobal
